
Microsoft Visual Studio Solution File, Format Version 12.00
# Visual Studio 14
VisualStudioVersion = 14.0.24720.0
MinimumVisualStudioVersion = 10.0.40219.1
Project("{2150E333-8FDC-42A3-9474-1A3956D46DE8}") = "src", "src", "{CA4C71FE-179C-460E-AD7C-180BF5736F34}"
EndProject
Project("{2150E333-8FDC-42A3-9474-1A3956D46DE8}") = "Solution Items", "Solution Items", "{9AC9B884-6D37-4780-9366-D71C38B4063C}"
	ProjectSection(SolutionItems) = preProject
		global.json = global.json
	EndProjectSection
EndProject
Project("{8BB2217D-0F2D-49D1-97BC-3654ED321F3B}") = "FishTankApp", "src\FishTankApp\FishTankApp.xproj", "{6029EDA0-4014-4938-8F3E-3007BA85AF6A}"
EndProject
Global
	GlobalSection(SolutionConfigurationPlatforms) = preSolution
		Debug|Any CPU = Debug|Any CPU
		Release|Any CPU = Release|Any CPU
	EndGlobalSection
	GlobalSection(ProjectConfigurationPlatforms) = postSolution
		{6029EDA0-4014-4938-8F3E-3007BA85AF6A}.Debug|Any CPU.ActiveCfg = Debug|Any CPU
		{6029EDA0-4014-4938-8F3E-3007BA85AF6A}.Debug|Any CPU.Build.0 = Debug|Any CPU
		{6029EDA0-4014-4938-8F3E-3007BA85AF6A}.Release|Any CPU.ActiveCfg = Release|Any CPU
		{6029EDA0-4014-4938-8F3E-3007BA85AF6A}.Release|Any CPU.Build.0 = Release|Any CPU
	EndGlobalSection
	GlobalSection(SolutionProperties) = preSolution
		HideSolutionNode = FALSE
	EndGlobalSection
	GlobalSection(NestedProjects) = preSolution
		{6029EDA0-4014-4938-8F3E-3007BA85AF6A} = {CA4C71FE-179C-460E-AD7C-180BF5736F34}
	EndGlobalSection
EndGlobal
